<Solution>
  <Folder Name="/.github/" />
  <Folder Name="/.github/workflows/">
    <File Path="../.github/workflows/codeql.yml" />
    <File Path="../.github/workflows/publish_dbt-system-testing.yml" />
    <File Path="../.github/workflows/publish_dbt-system.yml" />
    <File Path="../.github/workflows/run_integration-tests.yml" />
    <File Path="../.github/workflows/vcheck_dbt-system-testing.yml" />
    <File Path="../.github/workflows/vcheck_dbt-system.yml" />
  </Folder>
  <Folder Name="/Elementos de la solución/">
    <File Path=".editorconfig" />
    <File Path=".gitignore" />
    <File Path="integration_tests.runsettings" />
  </Folder>
  <Project Path="DBT System Testing/DBT System Testing.csproj" />
  <Project Path="DBT System/DBT System.csproj" />
  <Project Path="Integration Tests/Integration Tests.csproj" />
</Solution>
